
Microsoft Visual Studio Solution File, Format Version 12.00
# Visual Studio Version 17
VisualStudioVersion = 17.0.31903.59
MinimumVisualStudioVersion = 10.0.40219.1
Project("{2150E333-8FDC-42A3-9474-1A3956D46DE8}") = "src", "src", "{49FCFB7D-3404-4A2F-BB97-A66CEF9143ED}"
EndProject
Project("{FAE04EC0-301F-11D3-BF4B-00C04F79EFBC}") = "AuctionService", "src\AuctionService\AuctionService.csproj", "{0C30ACCA-F299-462C-9B8E-C730365BE823}"
EndProject
Project("{FAE04EC0-301F-11D3-BF4B-00C04F79EFBC}") = "SearchService", "src\SearchService\SearchService.csproj", "{4673DFC1-6254-408C-91F9-B9F7DACD043B}"
EndProject
Project("{FAE04EC0-301F-11D3-BF4B-00C04F79EFBC}") = "Contracts", "src\Contracts\Contracts.csproj", "{D5C52BB0-D949-45D3-A189-BBA4D5C4783E}"
EndProject
Global
	GlobalSection(SolutionConfigurationPlatforms) = preSolution
		Debug|Any CPU = Debug|Any CPU
		Release|Any CPU = Release|Any CPU
	EndGlobalSection
	GlobalSection(SolutionProperties) = preSolution
		HideSolutionNode = FALSE
	EndGlobalSection
	GlobalSection(ProjectConfigurationPlatforms) = postSolution
		{0C30ACCA-F299-462C-9B8E-C730365BE823}.Debug|Any CPU.ActiveCfg = Debug|Any CPU
		{0C30ACCA-F299-462C-9B8E-C730365BE823}.Debug|Any CPU.Build.0 = Debug|Any CPU
		{0C30ACCA-F299-462C-9B8E-C730365BE823}.Release|Any CPU.ActiveCfg = Release|Any CPU
		{0C30ACCA-F299-462C-9B8E-C730365BE823}.Release|Any CPU.Build.0 = Release|Any CPU
		{4673DFC1-6254-408C-91F9-B9F7DACD043B}.Debug|Any CPU.ActiveCfg = Debug|Any CPU
		{4673DFC1-6254-408C-91F9-B9F7DACD043B}.Debug|Any CPU.Build.0 = Debug|Any CPU
		{4673DFC1-6254-408C-91F9-B9F7DACD043B}.Release|Any CPU.ActiveCfg = Release|Any CPU
		{4673DFC1-6254-408C-91F9-B9F7DACD043B}.Release|Any CPU.Build.0 = Release|Any CPU
		{D5C52BB0-D949-45D3-A189-BBA4D5C4783E}.Debug|Any CPU.ActiveCfg = Debug|Any CPU
		{D5C52BB0-D949-45D3-A189-BBA4D5C4783E}.Debug|Any CPU.Build.0 = Debug|Any CPU
		{D5C52BB0-D949-45D3-A189-BBA4D5C4783E}.Release|Any CPU.ActiveCfg = Release|Any CPU
		{D5C52BB0-D949-45D3-A189-BBA4D5C4783E}.Release|Any CPU.Build.0 = Release|Any CPU
	EndGlobalSection
	GlobalSection(NestedProjects) = preSolution
		{0C30ACCA-F299-462C-9B8E-C730365BE823} = {49FCFB7D-3404-4A2F-BB97-A66CEF9143ED}
		{4673DFC1-6254-408C-91F9-B9F7DACD043B} = {49FCFB7D-3404-4A2F-BB97-A66CEF9143ED}
		{D5C52BB0-D949-45D3-A189-BBA4D5C4783E} = {49FCFB7D-3404-4A2F-BB97-A66CEF9143ED}
	EndGlobalSection
EndGlobal
